
Microsoft Visual Studio Solution File, Format Version 12.00
# Visual Studio Express 2012 for Windows Phone
Project("{FAE04EC0-301F-11D3-BF4B-00C04F79EFBC}") = "Flowdock.NET", "Flowdock.NET\Flowdock.NET.csproj", "{9E0F42A1-8954-493C-8460-14ECA8F15AEC}"
EndProject
Project("{FAE04EC0-301F-11D3-BF4B-00C04F79EFBC}") = "Flowdock.Context", "Flowdock.Data\Flowdock.Context.csproj", "{B88B42C7-9129-47DF-8B45-58CBCED98768}"
EndProject
Project("{2150E333-8FDC-42A3-9474-1A3956D46DE8}") = ".nuget", ".nuget", "{E6D70974-C022-47B4-9DBD-90C2F13CB8DE}"
	ProjectSection(SolutionItems) = preProject
		.nuget\packages.config = .nuget\packages.config
	EndProjectSection
EndProject
Project("{FAE04EC0-301F-11D3-BF4B-00C04F79EFBC}") = "Flowdock.Domain", "Flowdock.Domain\Flowdock.Domain.csproj", "{D25273F5-F6BD-4B1F-9E7E-9B4F309640C4}"
EndProject
Project("{FAE04EC0-301F-11D3-BF4B-00C04F79EFBC}") = "Flowdock.Extensions", "Flowdock.Extensions\Flowdock.Extensions.csproj", "{AF71F0D6-EED6-4606-913E-0454EA674E81}"
EndProject
Project("{FAE04EC0-301F-11D3-BF4B-00C04F79EFBC}") = "Flowdock.ViewModel", "Flowdock.ViewModel\Flowdock.ViewModel.csproj", "{04849313-5FDD-4DDC-A450-796817DFD385}"
EndProject
Global
	GlobalSection(SolutionConfigurationPlatforms) = preSolution
		Debug|Any CPU = Debug|Any CPU
		Debug|ARM = Debug|ARM
		Debug|x86 = Debug|x86
		Release|Any CPU = Release|Any CPU
		Release|ARM = Release|ARM
		Release|x86 = Release|x86
	EndGlobalSection
	GlobalSection(ProjectConfigurationPlatforms) = postSolution
		{9E0F42A1-8954-493C-8460-14ECA8F15AEC}.Debug|Any CPU.ActiveCfg = Debug|Any CPU
		{9E0F42A1-8954-493C-8460-14ECA8F15AEC}.Debug|Any CPU.Build.0 = Debug|Any CPU
		{9E0F42A1-8954-493C-8460-14ECA8F15AEC}.Debug|Any CPU.Deploy.0 = Debug|Any CPU
		{9E0F42A1-8954-493C-8460-14ECA8F15AEC}.Debug|ARM.ActiveCfg = Debug|ARM
		{9E0F42A1-8954-493C-8460-14ECA8F15AEC}.Debug|ARM.Build.0 = Debug|ARM
		{9E0F42A1-8954-493C-8460-14ECA8F15AEC}.Debug|ARM.Deploy.0 = Debug|ARM
		{9E0F42A1-8954-493C-8460-14ECA8F15AEC}.Debug|x86.ActiveCfg = Debug|x86
		{9E0F42A1-8954-493C-8460-14ECA8F15AEC}.Debug|x86.Build.0 = Debug|x86
		{9E0F42A1-8954-493C-8460-14ECA8F15AEC}.Debug|x86.Deploy.0 = Debug|x86
		{9E0F42A1-8954-493C-8460-14ECA8F15AEC}.Release|Any CPU.ActiveCfg = Release|Any CPU
		{9E0F42A1-8954-493C-8460-14ECA8F15AEC}.Release|Any CPU.Build.0 = Release|Any CPU
		{9E0F42A1-8954-493C-8460-14ECA8F15AEC}.Release|Any CPU.Deploy.0 = Release|Any CPU
		{9E0F42A1-8954-493C-8460-14ECA8F15AEC}.Release|ARM.ActiveCfg = Release|ARM
		{9E0F42A1-8954-493C-8460-14ECA8F15AEC}.Release|ARM.Build.0 = Release|ARM
		{9E0F42A1-8954-493C-8460-14ECA8F15AEC}.Release|ARM.Deploy.0 = Release|ARM
		{9E0F42A1-8954-493C-8460-14ECA8F15AEC}.Release|x86.ActiveCfg = Release|x86
		{9E0F42A1-8954-493C-8460-14ECA8F15AEC}.Release|x86.Build.0 = Release|x86
		{9E0F42A1-8954-493C-8460-14ECA8F15AEC}.Release|x86.Deploy.0 = Release|x86
		{B88B42C7-9129-47DF-8B45-58CBCED98768}.Debug|Any CPU.ActiveCfg = Debug|Any CPU
		{B88B42C7-9129-47DF-8B45-58CBCED98768}.Debug|Any CPU.Build.0 = Debug|Any CPU
		{B88B42C7-9129-47DF-8B45-58CBCED98768}.Debug|ARM.ActiveCfg = Debug|ARM
		{B88B42C7-9129-47DF-8B45-58CBCED98768}.Debug|ARM.Build.0 = Debug|ARM
		{B88B42C7-9129-47DF-8B45-58CBCED98768}.Debug|x86.ActiveCfg = Debug|x86
		{B88B42C7-9129-47DF-8B45-58CBCED98768}.Debug|x86.Build.0 = Debug|x86
		{B88B42C7-9129-47DF-8B45-58CBCED98768}.Release|Any CPU.ActiveCfg = Release|Any CPU
		{B88B42C7-9129-47DF-8B45-58CBCED98768}.Release|Any CPU.Build.0 = Release|Any CPU
		{B88B42C7-9129-47DF-8B45-58CBCED98768}.Release|ARM.ActiveCfg = Release|ARM
		{B88B42C7-9129-47DF-8B45-58CBCED98768}.Release|ARM.Build.0 = Release|ARM
		{B88B42C7-9129-47DF-8B45-58CBCED98768}.Release|x86.ActiveCfg = Release|x86
		{B88B42C7-9129-47DF-8B45-58CBCED98768}.Release|x86.Build.0 = Release|x86
		{D25273F5-F6BD-4B1F-9E7E-9B4F309640C4}.Debug|Any CPU.ActiveCfg = Debug|Any CPU
		{D25273F5-F6BD-4B1F-9E7E-9B4F309640C4}.Debug|Any CPU.Build.0 = Debug|Any CPU
		{D25273F5-F6BD-4B1F-9E7E-9B4F309640C4}.Debug|ARM.ActiveCfg = Debug|ARM
		{D25273F5-F6BD-4B1F-9E7E-9B4F309640C4}.Debug|ARM.Build.0 = Debug|ARM
		{D25273F5-F6BD-4B1F-9E7E-9B4F309640C4}.Debug|x86.ActiveCfg = Debug|x86
		{D25273F5-F6BD-4B1F-9E7E-9B4F309640C4}.Debug|x86.Build.0 = Debug|x86
		{D25273F5-F6BD-4B1F-9E7E-9B4F309640C4}.Release|Any CPU.ActiveCfg = Release|Any CPU
		{D25273F5-F6BD-4B1F-9E7E-9B4F309640C4}.Release|Any CPU.Build.0 = Release|Any CPU
		{D25273F5-F6BD-4B1F-9E7E-9B4F309640C4}.Release|ARM.ActiveCfg = Release|ARM
		{D25273F5-F6BD-4B1F-9E7E-9B4F309640C4}.Release|ARM.Build.0 = Release|ARM
		{D25273F5-F6BD-4B1F-9E7E-9B4F309640C4}.Release|x86.ActiveCfg = Release|x86
		{D25273F5-F6BD-4B1F-9E7E-9B4F309640C4}.Release|x86.Build.0 = Release|x86
		{AF71F0D6-EED6-4606-913E-0454EA674E81}.Debug|Any CPU.ActiveCfg = Debug|Any CPU
		{AF71F0D6-EED6-4606-913E-0454EA674E81}.Debug|Any CPU.Build.0 = Debug|Any CPU
		{AF71F0D6-EED6-4606-913E-0454EA674E81}.Debug|ARM.ActiveCfg = Debug|ARM
		{AF71F0D6-EED6-4606-913E-0454EA674E81}.Debug|ARM.Build.0 = Debug|ARM
		{AF71F0D6-EED6-4606-913E-0454EA674E81}.Debug|x86.ActiveCfg = Debug|x86
		{AF71F0D6-EED6-4606-913E-0454EA674E81}.Debug|x86.Build.0 = Debug|x86
		{AF71F0D6-EED6-4606-913E-0454EA674E81}.Release|Any CPU.ActiveCfg = Release|Any CPU
		{AF71F0D6-EED6-4606-913E-0454EA674E81}.Release|Any CPU.Build.0 = Release|Any CPU
		{AF71F0D6-EED6-4606-913E-0454EA674E81}.Release|ARM.ActiveCfg = Release|ARM
		{AF71F0D6-EED6-4606-913E-0454EA674E81}.Release|ARM.Build.0 = Release|ARM
		{AF71F0D6-EED6-4606-913E-0454EA674E81}.Release|x86.ActiveCfg = Release|x86
		{AF71F0D6-EED6-4606-913E-0454EA674E81}.Release|x86.Build.0 = Release|x86
		{04849313-5FDD-4DDC-A450-796817DFD385}.Debug|Any CPU.ActiveCfg = Debug|Any CPU
		{04849313-5FDD-4DDC-A450-796817DFD385}.Debug|Any CPU.Build.0 = Debug|Any CPU
		{04849313-5FDD-4DDC-A450-796817DFD385}.Debug|ARM.ActiveCfg = Debug|ARM
		{04849313-5FDD-4DDC-A450-796817DFD385}.Debug|ARM.Build.0 = Debug|ARM
		{04849313-5FDD-4DDC-A450-796817DFD385}.Debug|x86.ActiveCfg = Debug|x86
		{04849313-5FDD-4DDC-A450-796817DFD385}.Debug|x86.Build.0 = Debug|x86
		{04849313-5FDD-4DDC-A450-796817DFD385}.Release|Any CPU.ActiveCfg = Release|Any CPU
		{04849313-5FDD-4DDC-A450-796817DFD385}.Release|Any CPU.Build.0 = Release|Any CPU
		{04849313-5FDD-4DDC-A450-796817DFD385}.Release|ARM.ActiveCfg = Release|ARM
		{04849313-5FDD-4DDC-A450-796817DFD385}.Release|ARM.Build.0 = Release|ARM
		{04849313-5FDD-4DDC-A450-796817DFD385}.Release|x86.ActiveCfg = Release|x86
		{04849313-5FDD-4DDC-A450-796817DFD385}.Release|x86.Build.0 = Release|x86
	EndGlobalSection
	GlobalSection(SolutionProperties) = preSolution
		HideSolutionNode = FALSE
	EndGlobalSection
EndGlobal
